# This file was autogenerated by Stack.
# You should not edit this file by hand.
# For more information, please see the documentation at:
#   https://docs.haskellstack.org/en/stable/lock_files

packages:
- completed:
    hackage: hindent-5.3.1@sha256:23dc3d423820a1de4a11f54eb87992f2c9fa1b686b2230bb06d1af46edc85c4b,3452
    pantry-tree:
      size: 1027
      sha256: 29ea7cff1847793ca6249158ad919f4bb7095e59067f9750f4ce7051496e03d0
  original:
    hackage: hindent-5.3.1@sha256:23dc3d423820a1de4a11f54eb87992f2c9fa1b686b2230bb06d1af46edc85c4b,3452
- completed:
    hackage: stylish-haskell-0.9.4.4@sha256:ea514922e47ea05a924355a841abd26d18101037c46fbb90e201ae83582a8728,4953
    pantry-tree:
      size: 2863
      sha256: 90316b02f585d82d84f90a393d838e9ae1603fd5c0a01f216459ab56f7dc8cfb
  original:
    hackage: stylish-haskell-0.9.4.4@sha256:ea514922e47ea05a924355a841abd26d18101037c46fbb90e201ae83582a8728,4953
- completed:
    hackage: acme-missiles-0.3@sha256:2ba66a092a32593880a87fb00f3213762d7bca65a687d45965778deb8694c5d1,613
    pantry-tree:
      size: 226
      sha256: 614bc0cca76937507ea0a5ccc17a504c997ce458d7f2f9e43b15a10c8eaeb033
  original:
    hackage: acme-missiles-0.3
- completed:
    name: stack
    version: 1.0.5
    git: https://github.com/commercialhaskell/stack.git
    pantry-tree:
      size: 23178
      sha256: 6fa5808c7dfc5a2cc8b90f26a7e744de52662420570b9092f19d3987d7fb1bf8
    commit: e7b331f14bcffb8367cd58fbfc8b40ec7642100a
  original:
    git: https://github.com/commercialhaskell/stack.git
    commit: e7b331f14bcffb8367cd58fbfc8b40ec7642100a
snapshots:
- completed:
    size: 563099
    url: https://raw.githubusercontent.com/commercialhaskell/stackage-snapshots/master/lts/17/2.yaml
    sha256: 92b1a17e31d0a978fca4bf270305d4d1dd8092271bf60eafbc9349c890854026
  original:
    url: https://raw.githubusercontent.com/commercialhaskell/stackage-snapshots/master/lts/17/2.yaml
